{
  "lockfile_version": "1",
  "packages": {
    "bun": {
      "resolved": "github:NixOS/nixpkgs/75a52265bda7fd25e06e3a67dee3f0354e73243c#bun",
      "source": "nixpkg"
    },
    "ctlptl": {
      "resolved": "github:NixOS/nixpkgs/75a52265bda7fd25e06e3a67dee3f0354e73243c#ctlptl",
      "source": "nixpkg"
    },
    "hello": {
      "resolved": "github:NixOS/nixpkgs/75a52265bda7fd25e06e3a67dee3f0354e73243c#hello",
      "source": "nixpkg"
    },
    "just": {
      "resolved": "github:NixOS/nixpkgs/75a52265bda7fd25e06e3a67dee3f0354e73243c#just",
      "source": "nixpkg"
    }
  }
}
